
Microsoft Visual Studio Solution File, Format Version 12.00
# Visual Studio Version 16
VisualStudioVersion = 16.0.30523.141
MinimumVisualStudioVersion = 10.0.40219.1
Project("{FAE04EC0-301F-11D3-BF4B-00C04F79EFBC}") = "WebBot", "WebBot\WebBot.csproj", "{47B80648-855E-4D83-B547-3D6884CE4040}"
EndProject
Global
	GlobalSection(SolutionConfigurationPlatforms) = preSolution
		Debug|Any CPU = Debug|Any CPU
		Release|Any CPU = Release|Any CPU
	EndGlobalSection
	GlobalSection(ProjectConfigurationPlatforms) = postSolution
		{47B80648-855E-4D83-B547-3D6884CE4040}.Debug|Any CPU.ActiveCfg = Debug|Any CPU
		{47B80648-855E-4D83-B547-3D6884CE4040}.Debug|Any CPU.Build.0 = Debug|Any CPU
		{47B80648-855E-4D83-B547-3D6884CE4040}.Release|Any CPU.ActiveCfg = Release|Any CPU
		{47B80648-855E-4D83-B547-3D6884CE4040}.Release|Any CPU.Build.0 = Release|Any CPU
	EndGlobalSection
	GlobalSection(SolutionProperties) = preSolution
		HideSolutionNode = FALSE
	EndGlobalSection
	GlobalSection(ExtensibilityGlobals) = postSolution
		SolutionGuid = {B027AF75-1C45-4386-8B1F-70AF7CB5E5B8}
	EndGlobalSection
EndGlobal
